
Microsoft Visual Studio Solution File, Format Version 12.00
# Visual Studio Version 17
VisualStudioVersion = 17.9.34701.34
MinimumVisualStudioVersion = 10.0.40219.1
Project("{FAE04EC0-301F-11D3-BF4B-00C04F79EFBC}") = "PROJEKT_ZESPOLOWY_BACKEND", "PROJEKT_ZESPOLOWY_BACKEND\PROJEKT_ZESPOLOWY_BACKEND.csproj", "{718D6F92-3ABB-4712-94BA-903D8FBE241B}"
EndProject
Global
	GlobalSection(SolutionConfigurationPlatforms) = preSolution
		Debug|Any CPU = Debug|Any CPU
		Release|Any CPU = Release|Any CPU
	EndGlobalSection
	GlobalSection(ProjectConfigurationPlatforms) = postSolution
		{718D6F92-3ABB-4712-94BA-903D8FBE241B}.Debug|Any CPU.ActiveCfg = Debug|Any CPU
		{718D6F92-3ABB-4712-94BA-903D8FBE241B}.Debug|Any CPU.Build.0 = Debug|Any CPU
		{718D6F92-3ABB-4712-94BA-903D8FBE241B}.Release|Any CPU.ActiveCfg = Release|Any CPU
		{718D6F92-3ABB-4712-94BA-903D8FBE241B}.Release|Any CPU.Build.0 = Release|Any CPU
	EndGlobalSection
	GlobalSection(SolutionProperties) = preSolution
		HideSolutionNode = FALSE
	EndGlobalSection
	GlobalSection(ExtensibilityGlobals) = postSolution
		SolutionGuid = {E13CD998-EC6B-4AB0-8452-6A99962A88FC}
	EndGlobalSection
EndGlobal
